
Microsoft Visual Studio Solution File, Format Version 12.00
# Visual Studio Version 17
VisualStudioVersion = 17.9.34728.123
MinimumVisualStudioVersion = 10.0.40219.1
Project("{FAE04EC0-301F-11D3-BF4B-00C04F79EFBC}") = "equipment_accounting_system", "equipment_accounting_system\equipment_accounting_system.csproj", "{3555C77F-00F3-4E06-AEF5-AB9ECFA71125}"
EndProject
Global
	GlobalSection(SolutionConfigurationPlatforms) = preSolution
		Debug|Any CPU = Debug|Any CPU
		Release|Any CPU = Release|Any CPU
	EndGlobalSection
	GlobalSection(ProjectConfigurationPlatforms) = postSolution
		{3555C77F-00F3-4E06-AEF5-AB9ECFA71125}.Debug|Any CPU.ActiveCfg = Debug|Any CPU
		{3555C77F-00F3-4E06-AEF5-AB9ECFA71125}.Debug|Any CPU.Build.0 = Debug|Any CPU
		{3555C77F-00F3-4E06-AEF5-AB9ECFA71125}.Release|Any CPU.ActiveCfg = Release|Any CPU
		{3555C77F-00F3-4E06-AEF5-AB9ECFA71125}.Release|Any CPU.Build.0 = Release|Any CPU
	EndGlobalSection
	GlobalSection(SolutionProperties) = preSolution
		HideSolutionNode = FALSE
	EndGlobalSection
	GlobalSection(ExtensibilityGlobals) = postSolution
		SolutionGuid = {0D0EE5AB-1099-4977-A115-03878E3AC48F}
	EndGlobalSection
EndGlobal
